// !$*UTF8*$!
{
	archiveVersion = 1;
	classes = {
	};
	objectVersion = 56;
	objects = {

/* Begin PBXBuildFile section */
		61FBC9DF2C0F6B59005AC963 /* TamagoDragonView.swift in Sources */ = {isa = PBXBuildFile; fileRef = 61FBC9DE2C0F6B59005AC963 /* TamagoDragonView.swift */; };
		61FBC9E32C160BD2005AC963 /* SettingsView.swift in Sources */ = {isa = PBXBuildFile; fileRef = 61FBC9E22C160BD2005AC963 /* SettingsView.swift */; };
		61FBC9E52C1639AF005AC963 /* QuizzView.swift in Sources */ = {isa = PBXBuildFile; fileRef = 61FBC9E42C1639AF005AC963 /* QuizzView.swift */; };
		690114DA2C1721B1006F2F61 /* NotificationManager.swift in Sources */ = {isa = PBXBuildFile; fileRef = 690114D92C1721B1006F2F61 /* NotificationManager.swift */; };
		75126FEB2C1069F900ADC716 /* Module.swift in Sources */ = {isa = PBXBuildFile; fileRef = 75126FEA2C1069F900ADC716 /* Module.swift */; };
		75E611282C10906800EECC4E /* ModuleListView.swift in Sources */ = {isa = PBXBuildFile; fileRef = 75E611272C10906800EECC4E /* ModuleListView.swift */; };
		75E6112A2C10983F00EECC4E /* ModuleDetailView.swift in Sources */ = {isa = PBXBuildFile; fileRef = 75E611292C10983F00EECC4E /* ModuleDetailView.swift */; };
		764915082C0DED1E006BE77F /* FireLearnApp.swift in Sources */ = {isa = PBXBuildFile; fileRef = 764915072C0DED1E006BE77F /* FireLearnApp.swift */; };
		7649150C2C0DED1E006BE77F /* Item.swift in Sources */ = {isa = PBXBuildFile; fileRef = 7649150B2C0DED1E006BE77F /* Item.swift */; };
		7649150E2C0DED1F006BE77F /* Assets.xcassets in Resources */ = {isa = PBXBuildFile; fileRef = 7649150D2C0DED1F006BE77F /* Assets.xcassets */; };
		764915112C0DED1F006BE77F /* Preview Assets.xcassets in Resources */ = {isa = PBXBuildFile; fileRef = 764915102C0DED1F006BE77F /* Preview Assets.xcassets */; };
		7649151B2C0DED1F006BE77F /* FireLearnTests.swift in Sources */ = {isa = PBXBuildFile; fileRef = 7649151A2C0DED1F006BE77F /* FireLearnTests.swift */; };
		764915252C0DED1F006BE77F /* FireLearnUITests.swift in Sources */ = {isa = PBXBuildFile; fileRef = 764915242C0DED1F006BE77F /* FireLearnUITests.swift */; };
		764915272C0DED1F006BE77F /* FireLearnUITestsLaunchTests.swift in Sources */ = {isa = PBXBuildFile; fileRef = 764915262C0DED1F006BE77F /* FireLearnUITestsLaunchTests.swift */; };
		76AF8A282C2D94E800BCEF06 /* Article.swift in Sources */ = {isa = PBXBuildFile; fileRef = 76AF8A272C2D94E800BCEF06 /* Article.swift */; };
		76AF8A2A2C2D94FF00BCEF06 /* Food.swift in Sources */ = {isa = PBXBuildFile; fileRef = 76AF8A292C2D94FF00BCEF06 /* Food.swift */; };
		F38A5B782C11FE330057480D /* PlayView.swift in Sources */ = {isa = PBXBuildFile; fileRef = F38A5B772C11FE330057480D /* PlayView.swift */; };
		F38A5B7A2C1215480057480D /* SkinView.swift in Sources */ = {isa = PBXBuildFile; fileRef = F38A5B792C1215480057480D /* SkinView.swift */; };
		F38A5B882C15AAC70057480D /* StartView.swift in Sources */ = {isa = PBXBuildFile; fileRef = F38A5B872C15AAC70057480D /* StartView.swift */; };
		F38A5B8A2C15AADF0057480D /* WonderfulFontyCure-4nnoD.ttf in Resources */ = {isa = PBXBuildFile; fileRef = F38A5B892C15AADF0057480D /* WonderfulFontyCure-4nnoD.ttf */; };
		F38A5B8D2C15DDA20057480D /* SplashView.swift in Sources */ = {isa = PBXBuildFile; fileRef = F38A5B8C2C15DDA20057480D /* SplashView.swift */; };
		F3B0BED12C11BC29000B1FF2 /* EatView.swift in Sources */ = {isa = PBXBuildFile; fileRef = F3B0BED02C11BC29000B1FF2 /* EatView.swift */; };
/* End PBXBuildFile section */

/* Begin PBXContainerItemProxy section */
		764915172C0DED1F006BE77F /* PBXContainerItemProxy */ = {
			isa = PBXContainerItemProxy;
			containerPortal = 764914FC2C0DED1E006BE77F /* Project object */;
			proxyType = 1;
			remoteGlobalIDString = 764915032C0DED1E006BE77F;
			remoteInfo = FireLearn;
		};
		764915212C0DED1F006BE77F /* PBXContainerItemProxy */ = {
			isa = PBXContainerItemProxy;
			containerPortal = 764914FC2C0DED1E006BE77F /* Project object */;
			proxyType = 1;
			remoteGlobalIDString = 764915032C0DED1E006BE77F;
			remoteInfo = FireLearn;
		};
/* End PBXContainerItemProxy section */

/* Begin PBXFileReference section */
		61FBC9DE2C0F6B59005AC963 /* TamagoDragonView.swift */ = {isa = PBXFileReference; lastKnownFileType = sourcecode.swift; path = TamagoDragonView.swift; sourceTree = "<group>"; };
		61FBC9E22C160BD2005AC963 /* SettingsView.swift */ = {isa = PBXFileReference; lastKnownFileType = sourcecode.swift; path = SettingsView.swift; sourceTree = "<group>"; };
		61FBC9E42C1639AF005AC963 /* QuizzView.swift */ = {isa = PBXFileReference; lastKnownFileType = sourcecode.swift; path = QuizzView.swift; sourceTree = "<group>"; };
		690114D92C1721B1006F2F61 /* NotificationManager.swift */ = {isa = PBXFileReference; fileEncoding = 4; lastKnownFileType = sourcecode.swift; path = NotificationManager.swift; sourceTree = "<group>"; };
		75126FEA2C1069F900ADC716 /* Module.swift */ = {isa = PBXFileReference; lastKnownFileType = sourcecode.swift; path = Module.swift; sourceTree = "<group>"; };
		75E611272C10906800EECC4E /* ModuleListView.swift */ = {isa = PBXFileReference; lastKnownFileType = sourcecode.swift; path = ModuleListView.swift; sourceTree = "<group>"; };
		75E611292C10983F00EECC4E /* ModuleDetailView.swift */ = {isa = PBXFileReference; lastKnownFileType = sourcecode.swift; path = ModuleDetailView.swift; sourceTree = "<group>"; };
		764915042C0DED1E006BE77F /* FireLearn.app */ = {isa = PBXFileReference; explicitFileType = wrapper.application; includeInIndex = 0; path = FireLearn.app; sourceTree = BUILT_PRODUCTS_DIR; };
		764915072C0DED1E006BE77F /* FireLearnApp.swift */ = {isa = PBXFileReference; lastKnownFileType = sourcecode.swift; path = FireLearnApp.swift; sourceTree = "<group>"; };
		7649150B2C0DED1E006BE77F /* Item.swift */ = {isa = PBXFileReference; lastKnownFileType = sourcecode.swift; path = Item.swift; sourceTree = "<group>"; };
		7649150D2C0DED1F006BE77F /* Assets.xcassets */ = {isa = PBXFileReference; lastKnownFileType = folder.assetcatalog; path = Assets.xcassets; sourceTree = "<group>"; };
		764915102C0DED1F006BE77F /* Preview Assets.xcassets */ = {isa = PBXFileReference; lastKnownFileType = folder.assetcatalog; path = "Preview Assets.xcassets"; sourceTree = "<group>"; };
		764915162C0DED1F006BE77F /* FireLearnTests.xctest */ = {isa = PBXFileReference; explicitFileType = wrapper.cfbundle; includeInIndex = 0; path = FireLearnTests.xctest; sourceTree = BUILT_PRODUCTS_DIR; };
		7649151A2C0DED1F006BE77F /* FireLearnTests.swift */ = {isa = PBXFileReference; lastKnownFileType = sourcecode.swift; path = FireLearnTests.swift; sourceTree = "<group>"; };
		764915202C0DED1F006BE77F /* FireLearnUITests.xctest */ = {isa = PBXFileReference; explicitFileType = wrapper.cfbundle; includeInIndex = 0; path = FireLearnUITests.xctest; sourceTree = BUILT_PRODUCTS_DIR; };
		764915242C0DED1F006BE77F /* FireLearnUITests.swift */ = {isa = PBXFileReference; lastKnownFileType = sourcecode.swift; path = FireLearnUITests.swift; sourceTree = "<group>"; };
		764915262C0DED1F006BE77F /* FireLearnUITestsLaunchTests.swift */ = {isa = PBXFileReference; lastKnownFileType = sourcecode.swift; path = FireLearnUITestsLaunchTests.swift; sourceTree = "<group>"; };
		76AF8A272C2D94E800BCEF06 /* Article.swift */ = {isa = PBXFileReference; lastKnownFileType = sourcecode.swift; path = Article.swift; sourceTree = "<group>"; };
		76AF8A292C2D94FF00BCEF06 /* Food.swift */ = {isa = PBXFileReference; lastKnownFileType = sourcecode.swift; path = Food.swift; sourceTree = "<group>"; };
		F38A5B772C11FE330057480D /* PlayView.swift */ = {isa = PBXFileReference; lastKnownFileType = sourcecode.swift; path = PlayView.swift; sourceTree = "<group>"; };
		F38A5B792C1215480057480D /* SkinView.swift */ = {isa = PBXFileReference; lastKnownFileType = sourcecode.swift; path = SkinView.swift; sourceTree = "<group>"; };
		F38A5B872C15AAC70057480D /* StartView.swift */ = {isa = PBXFileReference; lastKnownFileType = sourcecode.swift; path = StartView.swift; sourceTree = "<group>"; };
		F38A5B892C15AADF0057480D /* WonderfulFontyCure-4nnoD.ttf */ = {isa = PBXFileReference; lastKnownFileType = file; path = "WonderfulFontyCure-4nnoD.ttf"; sourceTree = "<group>"; };
		F38A5B8B2C15AAF90057480D /* Info.plist */ = {isa = PBXFileReference; lastKnownFileType = text.plist; path = Info.plist; sourceTree = "<group>"; };
		F38A5B8C2C15DDA20057480D /* SplashView.swift */ = {isa = PBXFileReference; lastKnownFileType = sourcecode.swift; path = SplashView.swift; sourceTree = "<group>"; };
		F3B0BED02C11BC29000B1FF2 /* EatView.swift */ = {isa = PBXFileReference; lastKnownFileType = sourcecode.swift; path = EatView.swift; sourceTree = "<group>"; };
/* End PBXFileReference section */

/* Begin PBXFrameworksBuildPhase section */
		764915012C0DED1E006BE77F /* Frameworks */ = {
			isa = PBXFrameworksBuildPhase;
			buildActionMask = 2147483647;
			files = (
			);
			runOnlyForDeploymentPostprocessing = 0;
		};
		764915132C0DED1F006BE77F /* Frameworks */ = {
			isa = PBXFrameworksBuildPhase;
			buildActionMask = 2147483647;
			files = (
			);
			runOnlyForDeploymentPostprocessing = 0;
		};
		7649151D2C0DED1F006BE77F /* Frameworks */ = {
			isa = PBXFrameworksBuildPhase;
			buildActionMask = 2147483647;
			files = (
			);
			runOnlyForDeploymentPostprocessing = 0;
		};
/* End PBXFrameworksBuildPhase section */

/* Begin PBXGroup section */
		764914FB2C0DED1E006BE77F = {
			isa = PBXGroup;
			children = (
				764915062C0DED1E006BE77F /* FireLearn */,
				764915192C0DED1F006BE77F /* FireLearnTests */,
				764915232C0DED1F006BE77F /* FireLearnUITests */,
				764915052C0DED1E006BE77F /* Products */,
			);
			sourceTree = "<group>";
		};
		764915052C0DED1E006BE77F /* Products */ = {
			isa = PBXGroup;
			children = (
				764915042C0DED1E006BE77F /* FireLearn.app */,
				764915162C0DED1F006BE77F /* FireLearnTests.xctest */,
				764915202C0DED1F006BE77F /* FireLearnUITests.xctest */,
			);
			name = Products;
			sourceTree = "<group>";
		};
		764915062C0DED1E006BE77F /* FireLearn */ = {
			isa = PBXGroup;
			children = (
				F38A5B8B2C15AAF90057480D /* Info.plist */,
				F38A5B892C15AADF0057480D /* WonderfulFontyCure-4nnoD.ttf */,
				61FBC9E22C160BD2005AC963 /* SettingsView.swift */,
				61FBC9E42C1639AF005AC963 /* QuizzView.swift */,
				764915072C0DED1E006BE77F /* FireLearnApp.swift */,
				75126FEA2C1069F900ADC716 /* Module.swift */,
				75E611272C10906800EECC4E /* ModuleListView.swift */,
				75E611292C10983F00EECC4E /* ModuleDetailView.swift */,
				7649150B2C0DED1E006BE77F /* Item.swift */,
				61FBC9DE2C0F6B59005AC963 /* TamagoDragonView.swift */,
				76AF8A272C2D94E800BCEF06 /* Article.swift */,
				76AF8A292C2D94FF00BCEF06 /* Food.swift */,
				F38A5B772C11FE330057480D /* PlayView.swift */,
				F3B0BED02C11BC29000B1FF2 /* EatView.swift */,
				F38A5B792C1215480057480D /* SkinView.swift */,
				F38A5B872C15AAC70057480D /* StartView.swift */,
				F38A5B8C2C15DDA20057480D /* SplashView.swift */,
				690114D92C1721B1006F2F61 /* NotificationManager.swift */,
				7649150D2C0DED1F006BE77F /* Assets.xcassets */,
				7649150F2C0DED1F006BE77F /* Preview Content */,
			);
			path = FireLearn;
			sourceTree = "<group>";
		};
		7649150F2C0DED1F006BE77F /* Preview Content */ = {
			isa = PBXGroup;
			children = (
				764915102C0DED1F006BE77F /* Preview Assets.xcassets */,
			);
			path = "Preview Content";
			sourceTree = "<group>";
		};
		764915192C0DED1F006BE77F /* FireLearnTests */ = {
			isa = PBXGroup;
			children = (
				7649151A2C0DED1F006BE77F /* FireLearnTests.swift */,
			);
			path = FireLearnTests;
			sourceTree = "<group>";
		};
		764915232C0DED1F006BE77F /* FireLearnUITests */ = {
			isa = PBXGroup;
			children = (
				764915242C0DED1F006BE77F /* FireLearnUITests.swift */,
				764915262C0DED1F006BE77F /* FireLearnUITestsLaunchTests.swift */,
			);
			path = FireLearnUITests;
			sourceTree = "<group>";
		};
/* End PBXGroup section */

/* Begin PBXNativeTarget section */
		764915032C0DED1E006BE77F /* FireLearn */ = {
			isa = PBXNativeTarget;
			buildConfigurationList = 7649152A2C0DED1F006BE77F /* Build configuration list for PBXNativeTarget "FireLearn" */;
			buildPhases = (
				764915002C0DED1E006BE77F /* Sources */,
				764915012C0DED1E006BE77F /* Frameworks */,
				764915022C0DED1E006BE77F /* Resources */,
			);
			buildRules = (
			);
			dependencies = (
			);
			name = FireLearn;
			productName = FireLearn;
			productReference = 764915042C0DED1E006BE77F /* FireLearn.app */;
			productType = "com.apple.product-type.application";
		};
		764915152C0DED1F006BE77F /* FireLearnTests */ = {
			isa = PBXNativeTarget;
			buildConfigurationList = 7649152D2C0DED1F006BE77F /* Build configuration list for PBXNativeTarget "FireLearnTests" */;
			buildPhases = (
				764915122C0DED1F006BE77F /* Sources */,
				764915132C0DED1F006BE77F /* Frameworks */,
				764915142C0DED1F006BE77F /* Resources */,
			);
			buildRules = (
			);
			dependencies = (
				764915182C0DED1F006BE77F /* PBXTargetDependency */,
			);
			name = FireLearnTests;
			productName = FireLearnTests;
			productReference = 764915162C0DED1F006BE77F /* FireLearnTests.xctest */;
			productType = "com.apple.product-type.bundle.unit-test";
		};
		7649151F2C0DED1F006BE77F /* FireLearnUITests */ = {
			isa = PBXNativeTarget;
			buildConfigurationList = 764915302C0DED1F006BE77F /* Build configuration list for PBXNativeTarget "FireLearnUITests" */;
			buildPhases = (
				7649151C2C0DED1F006BE77F /* Sources */,
				7649151D2C0DED1F006BE77F /* Frameworks */,
				7649151E2C0DED1F006BE77F /* Resources */,
			);
			buildRules = (
			);
			dependencies = (
				764915222C0DED1F006BE77F /* PBXTargetDependency */,
			);
			name = FireLearnUITests;
			productName = FireLearnUITests;
			productReference = 764915202C0DED1F006BE77F /* FireLearnUITests.xctest */;
			productType = "com.apple.product-type.bundle.ui-testing";
		};
/* End PBXNativeTarget section */

/* Begin PBXProject section */
		764914FC2C0DED1E006BE77F /* Project object */ = {
			isa = PBXProject;
			attributes = {
				BuildIndependentTargetsInParallel = 1;
				LastSwiftUpdateCheck = 1540;
				LastUpgradeCheck = 1540;
				TargetAttributes = {
					764915032C0DED1E006BE77F = {
						CreatedOnToolsVersion = 15.4;
					};
					764915152C0DED1F006BE77F = {
						CreatedOnToolsVersion = 15.4;
						TestTargetID = 764915032C0DED1E006BE77F;
					};
					7649151F2C0DED1F006BE77F = {
						CreatedOnToolsVersion = 15.4;
						TestTargetID = 764915032C0DED1E006BE77F;
					};
				};
			};
			buildConfigurationList = 764914FF2C0DED1E006BE77F /* Build configuration list for PBXProject "FireLearn" */;
			compatibilityVersion = "Xcode 14.0";
			developmentRegion = en;
			hasScannedForEncodings = 0;
			knownRegions = (
				en,
				Base,
			);
			mainGroup = 764914FB2C0DED1E006BE77F;
			productRefGroup = 764915052C0DED1E006BE77F /* Products */;
			projectDirPath = "";
			projectRoot = "";
			targets = (
				764915032C0DED1E006BE77F /* FireLearn */,
				764915152C0DED1F006BE77F /* FireLearnTests */,
				7649151F2C0DED1F006BE77F /* FireLearnUITests */,
			);
		};
/* End PBXProject section */

/* Begin PBXResourcesBuildPhase section */
		764915022C0DED1E006BE77F /* Resources */ = {
			isa = PBXResourcesBuildPhase;
			buildActionMask = 2147483647;
			files = (
				764915112C0DED1F006BE77F /* Preview Assets.xcassets in Resources */,
				7649150E2C0DED1F006BE77F /* Assets.xcassets in Resources */,
				F38A5B8A2C15AADF0057480D /* WonderfulFontyCure-4nnoD.ttf in Resources */,
			);
			runOnlyForDeploymentPostprocessing = 0;
		};
		764915142C0DED1F006BE77F /* Resources */ = {
			isa = PBXResourcesBuildPhase;
			buildActionMask = 2147483647;
			files = (
			);
			runOnlyForDeploymentPostprocessing = 0;
		};
		7649151E2C0DED1F006BE77F /* Resources */ = {
			isa = PBXResourcesBuildPhase;
			buildActionMask = 2147483647;
			files = (
			);
			runOnlyForDeploymentPostprocessing = 0;
		};
/* End PBXResourcesBuildPhase section */

/* Begin PBXSourcesBuildPhase section */
		764915002C0DED1E006BE77F /* Sources */ = {
			isa = PBXSourcesBuildPhase;
			buildActionMask = 2147483647;
			files = (
				F38A5B7A2C1215480057480D /* SkinView.swift in Sources */,
				75E611282C10906800EECC4E /* ModuleListView.swift in Sources */,
				61FBC9DF2C0F6B59005AC963 /* TamagoDragonView.swift in Sources */,
				F38A5B882C15AAC70057480D /* StartView.swift in Sources */,
				61FBC9E52C1639AF005AC963 /* QuizzView.swift in Sources */,
				F38A5B782C11FE330057480D /* PlayView.swift in Sources */,
				7649150C2C0DED1E006BE77F /* Item.swift in Sources */,
				75E6112A2C10983F00EECC4E /* ModuleDetailView.swift in Sources */,
				764915082C0DED1E006BE77F /* FireLearnApp.swift in Sources */,
				F3B0BED12C11BC29000B1FF2 /* EatView.swift in Sources */,
				61FBC9E32C160BD2005AC963 /* SettingsView.swift in Sources */,
				690114DA2C1721B1006F2F61 /* NotificationManager.swift in Sources */,
				F38A5B8D2C15DDA20057480D /* SplashView.swift in Sources */,
				76AF8A2A2C2D94FF00BCEF06 /* Food.swift in Sources */,
				75126FEB2C1069F900ADC716 /* Module.swift in Sources */,
				76AF8A282C2D94E800BCEF06 /* Article.swift in Sources */,
			);
			runOnlyForDeploymentPostprocessing = 0;
		};
		764915122C0DED1F006BE77F /* Sources */ = {
			isa = PBXSourcesBuildPhase;
			buildActionMask = 2147483647;
			files = (
				7649151B2C0DED1F006BE77F /* FireLearnTests.swift in Sources */,
			);
			runOnlyForDeploymentPostprocessing = 0;
		};
		7649151C2C0DED1F006BE77F /* Sources */ = {
			isa = PBXSourcesBuildPhase;
			buildActionMask = 2147483647;
			files = (
				764915252C0DED1F006BE77F /* FireLearnUITests.swift in Sources */,
				764915272C0DED1F006BE77F /* FireLearnUITestsLaunchTests.swift in Sources */,
			);
			runOnlyForDeploymentPostprocessing = 0;
		};
/* End PBXSourcesBuildPhase section */

/* Begin PBXTargetDependency section */
		764915182C0DED1F006BE77F /* PBXTargetDependency */ = {
			isa = PBXTargetDependency;
			target = 764915032C0DED1E006BE77F /* FireLearn */;
			targetProxy = 764915172C0DED1F006BE77F /* PBXContainerItemProxy */;
		};
		764915222C0DED1F006BE77F /* PBXTargetDependency */ = {
			isa = PBXTargetDependency;
			target = 764915032C0DED1E006BE77F /* FireLearn */;
			targetProxy = 764915212C0DED1F006BE77F /* PBXContainerItemProxy */;
		};
/* End PBXTargetDependency section */

/* Begin XCBuildConfiguration section */
		764915282C0DED1F006BE77F /* Debug */ = {
			isa = XCBuildConfiguration;
			buildSettings = {
				ALWAYS_SEARCH_USER_PATHS = NO;
				ASSETCATALOG_COMPILER_GENERATE_SWIFT_ASSET_SYMBOL_EXTENSIONS = YES;
				CLANG_ANALYZER_NONNULL = YES;
				CLANG_ANALYZER_NUMBER_OBJECT_CONVERSION = YES_AGGRESSIVE;
				CLANG_CXX_LANGUAGE_STANDARD = "gnu++20";
				CLANG_ENABLE_MODULES = YES;
				CLANG_ENABLE_OBJC_ARC = YES;
				CLANG_ENABLE_OBJC_WEAK = YES;
				CLANG_WARN_BLOCK_CAPTURE_AUTORELEASING = YES;
				CLANG_WARN_BOOL_CONVERSION = YES;
				CLANG_WARN_COMMA = YES;
				CLANG_WARN_CONSTANT_CONVERSION = YES;
				CLANG_WARN_DEPRECATED_OBJC_IMPLEMENTATIONS = YES;
				CLANG_WARN_DIRECT_OBJC_ISA_USAGE = YES_ERROR;
				CLANG_WARN_DOCUMENTATION_COMMENTS = YES;
				CLANG_WARN_EMPTY_BODY = YES;
				CLANG_WARN_ENUM_CONVERSION = YES;
				CLANG_WARN_INFINITE_RECURSION = YES;
				CLANG_WARN_INT_CONVERSION = YES;
				CLANG_WARN_NON_LITERAL_NULL_CONVERSION = YES;
				CLANG_WARN_OBJC_IMPLICIT_RETAIN_SELF = YES;
				CLANG_WARN_OBJC_LITERAL_CONVERSION = YES;
				CLANG_WARN_OBJC_ROOT_CLASS = YES_ERROR;
				CLANG_WARN_QUOTED_INCLUDE_IN_FRAMEWORK_HEADER = YES;
				CLANG_WARN_RANGE_LOOP_ANALYSIS = YES;
				CLANG_WARN_STRICT_PROTOTYPES = YES;
				CLANG_WARN_SUSPICIOUS_MOVE = YES;
				CLANG_WARN_UNGUARDED_AVAILABILITY = YES_AGGRESSIVE;
				CLANG_WARN_UNREACHABLE_CODE = YES;
				CLANG_WARN__DUPLICATE_METHOD_MATCH = YES;
				COPY_PHASE_STRIP = NO;
				DEBUG_INFORMATION_FORMAT = dwarf;
				ENABLE_STRICT_OBJC_MSGSEND = YES;
				ENABLE_TESTABILITY = YES;
				ENABLE_USER_SCRIPT_SANDBOXING = YES;
				GCC_C_LANGUAGE_STANDARD = gnu17;
				GCC_DYNAMIC_NO_PIC = NO;
				GCC_NO_COMMON_BLOCKS = YES;
				GCC_OPTIMIZATION_LEVEL = 0;
				GCC_PREPROCESSOR_DEFINITIONS = (
					"DEBUG=1",
					"$(inherited)",
				);
				GCC_WARN_64_TO_32_BIT_CONVERSION = YES;
				GCC_WARN_ABOUT_RETURN_TYPE = YES_ERROR;
				GCC_WARN_UNDECLARED_SELECTOR = YES;
				GCC_WARN_UNINITIALIZED_AUTOS = YES_AGGRESSIVE;
				GCC_WARN_UNUSED_FUNCTION = YES;
				GCC_WARN_UNUSED_VARIABLE = YES;
				IPHONEOS_DEPLOYMENT_TARGET = 17.5;
				LOCALIZATION_PREFERS_STRING_CATALOGS = YES;
				MTL_ENABLE_DEBUG_INFO = INCLUDE_SOURCE;
				MTL_FAST_MATH = YES;
				ONLY_ACTIVE_ARCH = YES;
				SDKROOT = iphoneos;
				SWIFT_ACTIVE_COMPILATION_CONDITIONS = "DEBUG $(inherited)";
				SWIFT_OPTIMIZATION_LEVEL = "-Onone";
			};
			name = Debug;
		};
		764915292C0DED1F006BE77F /* Release */ = {
			isa = XCBuildConfiguration;
			buildSettings = {
				ALWAYS_SEARCH_USER_PATHS = NO;
				ASSETCATALOG_COMPILER_GENERATE_SWIFT_ASSET_SYMBOL_EXTENSIONS = YES;
				CLANG_ANALYZER_NONNULL = YES;
				CLANG_ANALYZER_NUMBER_OBJECT_CONVERSION = YES_AGGRESSIVE;
				CLANG_CXX_LANGUAGE_STANDARD = "gnu++20";
				CLANG_ENABLE_MODULES = YES;
				CLANG_ENABLE_OBJC_ARC = YES;
				CLANG_ENABLE_OBJC_WEAK = YES;
				CLANG_WARN_BLOCK_CAPTURE_AUTORELEASING = YES;
				CLANG_WARN_BOOL_CONVERSION = YES;
				CLANG_WARN_COMMA = YES;
				CLANG_WARN_CONSTANT_CONVERSION = YES;
				CLANG_WARN_DEPRECATED_OBJC_IMPLEMENTATIONS = YES;
				CLANG_WARN_DIRECT_OBJC_ISA_USAGE = YES_ERROR;
				CLANG_WARN_DOCUMENTATION_COMMENTS = YES;
				CLANG_WARN_EMPTY_BODY = YES;
				CLANG_WARN_ENUM_CONVERSION = YES;
				CLANG_WARN_INFINITE_RECURSION = YES;
				CLANG_WARN_INT_CONVERSION = YES;
				CLANG_WARN_NON_LITERAL_NULL_CONVERSION = YES;
				CLANG_WARN_OBJC_IMPLICIT_RETAIN_SELF = YES;
				CLANG_WARN_OBJC_LITERAL_CONVERSION = YES;
				CLANG_WARN_OBJC_ROOT_CLASS = YES_ERROR;
				CLANG_WARN_QUOTED_INCLUDE_IN_FRAMEWORK_HEADER = YES;
				CLANG_WARN_RANGE_LOOP_ANALYSIS = YES;
				CLANG_WARN_STRICT_PROTOTYPES = YES;
				CLANG_WARN_SUSPICIOUS_MOVE = YES;
				CLANG_WARN_UNGUARDED_AVAILABILITY = YES_AGGRESSIVE;
				CLANG_WARN_UNREACHABLE_CODE = YES;
				CLANG_WARN__DUPLICATE_METHOD_MATCH = YES;
				COPY_PHASE_STRIP = NO;
				DEBUG_INFORMATION_FORMAT = "dwarf-with-dsym";
				ENABLE_NS_ASSERTIONS = NO;
				ENABLE_STRICT_OBJC_MSGSEND = YES;
				ENABLE_USER_SCRIPT_SANDBOXING = YES;
				GCC_C_LANGUAGE_STANDARD = gnu17;
				GCC_NO_COMMON_BLOCKS = YES;
				GCC_WARN_64_TO_32_BIT_CONVERSION = YES;
				GCC_WARN_ABOUT_RETURN_TYPE = YES_ERROR;
				GCC_WARN_UNDECLARED_SELECTOR = YES;
				GCC_WARN_UNINITIALIZED_AUTOS = YES_AGGRESSIVE;
				GCC_WARN_UNUSED_FUNCTION = YES;
				GCC_WARN_UNUSED_VARIABLE = YES;
				IPHONEOS_DEPLOYMENT_TARGET = 17.5;
				LOCALIZATION_PREFERS_STRING_CATALOGS = YES;
				MTL_ENABLE_DEBUG_INFO = NO;
				MTL_FAST_MATH = YES;
				SDKROOT = iphoneos;
				SWIFT_COMPILATION_MODE = wholemodule;
				VALIDATE_PRODUCT = YES;
			};
			name = Release;
		};
		7649152B2C0DED1F006BE77F /* Debug */ = {
			isa = XCBuildConfiguration;
			buildSettings = {
				ASSETCATALOG_COMPILER_APPICON_NAME = AppIcon;
				ASSETCATALOG_COMPILER_GLOBAL_ACCENT_COLOR_NAME = AccentColor;
				CODE_SIGN_STYLE = Automatic;
				CURRENT_PROJECT_VERSION = 1;
				DEVELOPMENT_ASSET_PATHS = "\"FireLearn/Preview Content\"";
				DEVELOPMENT_TEAM = K33SV66CH8;
				ENABLE_PREVIEWS = YES;
				GENERATE_INFOPLIST_FILE = YES;
				INFOPLIST_FILE = FireLearn/Info.plist;
				INFOPLIST_KEY_UIApplicationSceneManifest_Generation = YES;
				INFOPLIST_KEY_UIApplicationSupportsIndirectInputEvents = YES;
				INFOPLIST_KEY_UILaunchScreen_Generation = YES;
				INFOPLIST_KEY_UISupportedInterfaceOrientations_iPad = "UIInterfaceOrientationPortrait UIInterfaceOrientationPortraitUpsideDown UIInterfaceOrientationLandscapeLeft UIInterfaceOrientationLandscapeRight";
				INFOPLIST_KEY_UISupportedInterfaceOrientations_iPhone = "UIInterfaceOrientationPortrait UIInterfaceOrientationLandscapeLeft UIInterfaceOrientationLandscapeRight";
				IPHONEOS_DEPLOYMENT_TARGET = 17.3;
				LD_RUNPATH_SEARCH_PATHS = (
					"$(inherited)",
					"@executable_path/Frameworks",
				);
				MARKETING_VERSION = 1.0;
				PRODUCT_BUNDLE_IDENTIFIER = KMK.FireLearn;
				PRODUCT_NAME = "$(TARGET_NAME)";
				SWIFT_EMIT_LOC_STRINGS = YES;
				SWIFT_VERSION = 5.0;
				TARGETED_DEVICE_FAMILY = "1,2";
			};
			name = Debug;
		};
		7649152C2C0DED1F006BE77F /* Release */ = {
			isa = XCBuildConfiguration;
			buildSettings = {
				ASSETCATALOG_COMPILER_APPICON_NAME = AppIcon;
				ASSETCATALOG_COMPILER_GLOBAL_ACCENT_COLOR_NAME = AccentColor;
				CODE_SIGN_STYLE = Automatic;
				CURRENT_PROJECT_VERSION = 1;
				DEVELOPMENT_ASSET_PATHS = "\"FireLearn/Preview Content\"";
				DEVELOPMENT_TEAM = K33SV66CH8;
				ENABLE_PREVIEWS = YES;
				GENERATE_INFOPLIST_FILE = YES;
				INFOPLIST_FILE = FireLearn/Info.plist;
				INFOPLIST_KEY_UIApplicationSceneManifest_Generation = YES;
				INFOPLIST_KEY_UIApplicationSupportsIndirectInputEvents = YES;
				INFOPLIST_KEY_UILaunchScreen_Generation = YES;
				INFOPLIST_KEY_UISupportedInterfaceOrientations_iPad = "UIInterfaceOrientationPortrait UIInterfaceOrientationPortraitUpsideDown UIInterfaceOrientationLandscapeLeft UIInterfaceOrientationLandscapeRight";
				INFOPLIST_KEY_UISupportedInterfaceOrientations_iPhone = "UIInterfaceOrientationPortrait UIInterfaceOrientationLandscapeLeft UIInterfaceOrientationLandscapeRight";
				IPHONEOS_DEPLOYMENT_TARGET = 17.3;
				LD_RUNPATH_SEARCH_PATHS = (
					"$(inherited)",
					"@executable_path/Frameworks",
				);
				MARKETING_VERSION = 1.0;
				PRODUCT_BUNDLE_IDENTIFIER = KMK.FireLearn;
				PRODUCT_NAME = "$(TARGET_NAME)";
				SWIFT_EMIT_LOC_STRINGS = YES;
				SWIFT_VERSION = 5.0;
				TARGETED_DEVICE_FAMILY = "1,2";
			};
			name = Release;
		};
		7649152E2C0DED1F006BE77F /* Debug */ = {
			isa = XCBuildConfiguration;
			buildSettings = {
				ALWAYS_EMBED_SWIFT_STANDARD_LIBRARIES = YES;
				BUNDLE_LOADER = "$(TEST_HOST)";
				CODE_SIGN_STYLE = Automatic;
				CURRENT_PROJECT_VERSION = 1;
				DEVELOPMENT_TEAM = UGYM622S92;
				GENERATE_INFOPLIST_FILE = YES;
				IPHONEOS_DEPLOYMENT_TARGET = 17.5;
				MARKETING_VERSION = 1.0;
				PRODUCT_BUNDLE_IDENTIFIER = KMK.FireLearnTests;
				PRODUCT_NAME = "$(TARGET_NAME)";
				SWIFT_EMIT_LOC_STRINGS = NO;
				SWIFT_VERSION = 5.0;
				TARGETED_DEVICE_FAMILY = "1,2";
				TEST_HOST = "$(BUILT_PRODUCTS_DIR)/FireLearn.app/$(BUNDLE_EXECUTABLE_FOLDER_PATH)/FireLearn";
			};
			name = Debug;
		};
		7649152F2C0DED1F006BE77F /* Release */ = {
			isa = XCBuildConfiguration;
			buildSettings = {
				ALWAYS_EMBED_SWIFT_STANDARD_LIBRARIES = YES;
				BUNDLE_LOADER = "$(TEST_HOST)";
				CODE_SIGN_STYLE = Automatic;
				CURRENT_PROJECT_VERSION = 1;
				DEVELOPMENT_TEAM = UGYM622S92;
				GENERATE_INFOPLIST_FILE = YES;
				IPHONEOS_DEPLOYMENT_TARGET = 17.5;
				MARKETING_VERSION = 1.0;
				PRODUCT_BUNDLE_IDENTIFIER = KMK.FireLearnTests;
				PRODUCT_NAME = "$(TARGET_NAME)";
				SWIFT_EMIT_LOC_STRINGS = NO;
				SWIFT_VERSION = 5.0;
				TARGETED_DEVICE_FAMILY = "1,2";
				TEST_HOST = "$(BUILT_PRODUCTS_DIR)/FireLearn.app/$(BUNDLE_EXECUTABLE_FOLDER_PATH)/FireLearn";
			};
			name = Release;
		};
		764915312C0DED1F006BE77F /* Debug */ = {
			isa = XCBuildConfiguration;
			buildSettings = {
				ALWAYS_EMBED_SWIFT_STANDARD_LIBRARIES = YES;
				CODE_SIGN_STYLE = Automatic;
				CURRENT_PROJECT_VERSION = 1;
				DEVELOPMENT_TEAM = UGYM622S92;
				GENERATE_INFOPLIST_FILE = YES;
				MARKETING_VERSION = 1.0;
				PRODUCT_BUNDLE_IDENTIFIER = KMK.FireLearnUITests;
				PRODUCT_NAME = "$(TARGET_NAME)";
				SWIFT_EMIT_LOC_STRINGS = NO;
				SWIFT_VERSION = 5.0;
				TARGETED_DEVICE_FAMILY = "1,2";
				TEST_TARGET_NAME = FireLearn;
			};
			name = Debug;
		};
		764915322C0DED1F006BE77F /* Release */ = {
			isa = XCBuildConfiguration;
			buildSettings = {
				ALWAYS_EMBED_SWIFT_STANDARD_LIBRARIES = YES;
				CODE_SIGN_STYLE = Automatic;
				CURRENT_PROJECT_VERSION = 1;
				DEVELOPMENT_TEAM = UGYM622S92;
				GENERATE_INFOPLIST_FILE = YES;
				MARKETING_VERSION = 1.0;
				PRODUCT_BUNDLE_IDENTIFIER = KMK.FireLearnUITests;
				PRODUCT_NAME = "$(TARGET_NAME)";
				SWIFT_EMIT_LOC_STRINGS = NO;
				SWIFT_VERSION = 5.0;
				TARGETED_DEVICE_FAMILY = "1,2";
				TEST_TARGET_NAME = FireLearn;
			};
			name = Release;
		};
/* End XCBuildConfiguration section */

/* Begin XCConfigurationList section */
		764914FF2C0DED1E006BE77F /* Build configuration list for PBXProject "FireLearn" */ = {
			isa = XCConfigurationList;
			buildConfigurations = (
				764915282C0DED1F006BE77F /* Debug */,
				764915292C0DED1F006BE77F /* Release */,
			);
			defaultConfigurationIsVisible = 0;
			defaultConfigurationName = Release;
		};
		7649152A2C0DED1F006BE77F /* Build configuration list for PBXNativeTarget "FireLearn" */ = {
			isa = XCConfigurationList;
			buildConfigurations = (
				7649152B2C0DED1F006BE77F /* Debug */,
				7649152C2C0DED1F006BE77F /* Release */,
			);
			defaultConfigurationIsVisible = 0;
			defaultConfigurationName = Release;
		};
		7649152D2C0DED1F006BE77F /* Build configuration list for PBXNativeTarget "FireLearnTests" */ = {
			isa = XCConfigurationList;
			buildConfigurations = (
				7649152E2C0DED1F006BE77F /* Debug */,
				7649152F2C0DED1F006BE77F /* Release */,
			);
			defaultConfigurationIsVisible = 0;
			defaultConfigurationName = Release;
		};
		764915302C0DED1F006BE77F /* Build configuration list for PBXNativeTarget "FireLearnUITests" */ = {
			isa = XCConfigurationList;
			buildConfigurations = (
				764915312C0DED1F006BE77F /* Debug */,
				764915322C0DED1F006BE77F /* Release */,
			);
			defaultConfigurationIsVisible = 0;
			defaultConfigurationName = Release;
		};
/* End XCConfigurationList section */
	};
	rootObject = 764914FC2C0DED1E006BE77F /* Project object */;
}
